
Microsoft Visual Studio Solution File, Format Version 12.00
# Visual Studio Version 16
VisualStudioVersion = 16.0.32126.315
MinimumVisualStudioVersion = 10.0.40219.1
Project("{FAE04EC0-301F-11D3-BF4B-00C04F79EFBC}") = "Producer", "Producer\Producer.csproj", "{A8A20AF3-1DB0-4AB9-9C27-815600AD2E2C}"
EndProject
Project("{FAE04EC0-301F-11D3-BF4B-00C04F79EFBC}") = "Consumer", "Consumer\Consumer.csproj", "{02EE38A8-470A-41B5-BB8D-CEA50C71875D}"
EndProject
Global
	GlobalSection(SolutionConfigurationPlatforms) = preSolution
		Debug|Any CPU = Debug|Any CPU
		Release|Any CPU = Release|Any CPU
	EndGlobalSection
	GlobalSection(ProjectConfigurationPlatforms) = postSolution
		{A8A20AF3-1DB0-4AB9-9C27-815600AD2E2C}.Debug|Any CPU.ActiveCfg = Debug|Any CPU
		{A8A20AF3-1DB0-4AB9-9C27-815600AD2E2C}.Debug|Any CPU.Build.0 = Debug|Any CPU
		{A8A20AF3-1DB0-4AB9-9C27-815600AD2E2C}.Release|Any CPU.ActiveCfg = Release|Any CPU
		{A8A20AF3-1DB0-4AB9-9C27-815600AD2E2C}.Release|Any CPU.Build.0 = Release|Any CPU
		{02EE38A8-470A-41B5-BB8D-CEA50C71875D}.Debug|Any CPU.ActiveCfg = Debug|Any CPU
		{02EE38A8-470A-41B5-BB8D-CEA50C71875D}.Debug|Any CPU.Build.0 = Debug|Any CPU
		{02EE38A8-470A-41B5-BB8D-CEA50C71875D}.Release|Any CPU.ActiveCfg = Release|Any CPU
		{02EE38A8-470A-41B5-BB8D-CEA50C71875D}.Release|Any CPU.Build.0 = Release|Any CPU
	EndGlobalSection
	GlobalSection(SolutionProperties) = preSolution
		HideSolutionNode = FALSE
	EndGlobalSection
	GlobalSection(ExtensibilityGlobals) = postSolution
		SolutionGuid = {FC898BD1-37CC-4539-AD03-911E810AF61F}
	EndGlobalSection
EndGlobal
